<?xml version="1.0" encoding="utf-8"?>
<Project ToolsVersion="4.0" xmlns="http://schemas.microsoft.com/developer/msbuild/2003">
  <ItemGroup>
    <Filter Include="Source Files">
      <UniqueIdentifier>{4FC737F1-C7A5-4376-A066-2A32D752A2FF}</UniqueIdentifier>
      <Extensions>cpp;c;cc;cxx;def;odl;idl;hpj;bat;asm;asmx</Extensions>
    </Filter>
    <Filter Include="Header Files">
      <UniqueIdentifier>{93995380-89BD-4b04-88EB-625FBE52EBFB}</UniqueIdentifier>
      <Extensions>h;hpp;hxx;hm;inl;inc;xsd</Extensions>
    </Filter>
    <Filter Include="Resource Files">
      <UniqueIdentifier>{67DA6AB6-F800-4c08-8B7A-83BB121AAD01}</UniqueIdentifier>
      <Extensions>rc;ico;cur;bmp;dlg;rc2;rct;bin;rgs;gif;jpg;jpeg;jpe;resx;tiff;tif;png;wav;mfcribbon-ms</Extensions>
    </Filter>
    <Filter Include="Header Files\main">
      <UniqueIdentifier>{9bb6c297-a500-46c3-bfb2-86ae56a077eb}</UniqueIdentifier>
    </Filter>
    <Filter Include="Source Files\main">
      <UniqueIdentifier>{67411c3e-4c0f-478c-80b1-a7fdb5c9844a}</UniqueIdentifier>
    </Filter>
    <Filter Include="Header Files\geometry">
      <UniqueIdentifier>{439ca4a0-4b85-41ec-badb-a4205c1c77d1}</UniqueIdentifier>
    </Filter>
    <Filter Include="Source Files\geometry">
      <UniqueIdentifier>{fd377d61-a3bf-4d59-b7bb-dcc526432e13}</UniqueIdentifier>
    </Filter>
    <Filter Include="Header Files\math">
      <UniqueIdentifier>{ad8ce506-91e1-488d-a20f-c245d64ab35d}</UniqueIdentifier>
    </Filter>
    <Filter Include="Header Files\shapes">
      <UniqueIdentifier>{f7d67ebd-cc62-45c5-9880-7e114b63cd02}</UniqueIdentifier>
    </Filter>
    <Filter Include="Source Files\shapes">
      <UniqueIdentifier>{836373f5-8e61-4fe3-b881-33d80dfaa240}</UniqueIdentifier>
    </Filter>
    <Filter Include="Header Files\color">
      <UniqueIdentifier>{659e2917-eb64-4382-994e-2147beedd97e}</UniqueIdentifier>
    </Filter>
    <Filter Include="Source Files\color">
      <UniqueIdentifier>{4ff3a5ce-699f-4a44-9085-2bcc5a9eaca7}</UniqueIdentifier>
    </Filter>
    <Filter Include="Header Files\camera">
      <UniqueIdentifier>{236fe993-696d-484b-bf77-dfc063f85c71}</UniqueIdentifier>
    </Filter>
    <Filter Include="Source Files\camera">
      <UniqueIdentifier>{660f2543-7740-4df0-bf6b-87459769cc06}</UniqueIdentifier>
    </Filter>
    <Filter Include="Header Files\materials">
      <UniqueIdentifier>{b4ab644c-2f3c-422f-805a-0f44517aadf6}</UniqueIdentifier>
    </Filter>
    <Filter Include="Header Files\primitives">
      <UniqueIdentifier>{51fc4cff-1089-4901-b32b-cdaa80d4e29a}</UniqueIdentifier>
    </Filter>
    <Filter Include="Source Files\primitives">
      <UniqueIdentifier>{3b027a37-7109-426a-81ab-50be5b0da72a}</UniqueIdentifier>
    </Filter>
    <Filter Include="Header Files\scene">
      <UniqueIdentifier>{346080bc-2fca-4c18-87fe-ea1afd20fad0}</UniqueIdentifier>
    </Filter>
    <Filter Include="Source Files\scene">
      <UniqueIdentifier>{746001bb-52d3-433b-92d2-b6e14f4b1c60}</UniqueIdentifier>
    </Filter>
    <Filter Include="Source Files\materials">
      <UniqueIdentifier>{8eaac42c-38de-4ae3-9bf0-e8ef21fe5eec}</UniqueIdentifier>
    </Filter>
    <Filter Include="Header Files\lights">
      <UniqueIdentifier>{b1434e19-9447-4271-8d16-f986a8961244}</UniqueIdentifier>
    </Filter>
    <Filter Include="Source Files\lights">
      <UniqueIdentifier>{228af34b-8972-42b4-b816-4c796cf56802}</UniqueIdentifier>
    </Filter>
    <Filter Include="Header Files\rng">
      <UniqueIdentifier>{7b3bce8f-c22c-4806-99a2-3cc15e7039fb}</UniqueIdentifier>
    </Filter>
    <Filter Include="Source Files\rng">
      <UniqueIdentifier>{e522a9e6-20a9-4f2d-bc53-71106642dd58}</UniqueIdentifier>
    </Filter>
    <Filter Include="Header Files\intersectionrecord">
      <UniqueIdentifier>{d5a03238-c308-4d8c-b331-ea371e7eb838}</UniqueIdentifier>
    </Filter>
    <Filter Include="Header Files\renderers">
      <UniqueIdentifier>{c29696f6-6a76-4b44-94dc-ffea4f8374dc}</UniqueIdentifier>
    </Filter>
    <Filter Include="Source Files\renderers">
      <UniqueIdentifier>{a3dee823-2f94-4ad4-8061-49f816dca527}</UniqueIdentifier>
    </Filter>
  </ItemGroup>
  <ItemGroup>
    <ClCompile Include="application.cpp">
      <Filter>Source Files\main</Filter>
    </ClCompile>
    <ClCompile Include="main.cpp">
      <Filter>Source Files\main</Filter>
    </ClCompile>
    <ClCompile Include="vector.cpp">
      <Filter>Source Files\geometry</Filter>
    </ClCompile>
    <ClCompile Include="point.cpp">
      <Filter>Source Files\geometry</Filter>
    </ClCompile>
    <ClCompile Include="ray.cpp">
      <Filter>Source Files\geometry</Filter>
    </ClCompile>
    <ClCompile Include="sphere.cpp">
      <Filter>Source Files\shapes</Filter>
    </ClCompile>
    <ClCompile Include="color.cpp">
      <Filter>Source Files\color</Filter>
    </ClCompile>
    <ClCompile Include="film.cpp">
      <Filter>Source Files\camera</Filter>
    </ClCompile>
    <ClCompile Include="camera.cpp">
      <Filter>Source Files\camera</Filter>
    </ClCompile>
    <ClCompile Include="filter.cpp">
      <Filter>Source Files\camera</Filter>
    </ClCompile>
    <ClCompile Include="primitive.cpp">
      <Filter>Source Files\primitives</Filter>
    </ClCompile>
    <ClCompile Include="scene.cpp">
      <Filter>Source Files\scene</Filter>
    </ClCompile>
    <ClCompile Include="arealight.cpp">
      <Filter>Source Files\lights</Filter>
    </ClCompile>
    <ClCompile Include="pointlight.cpp">
      <Filter>Source Files\lights</Filter>
    </ClCompile>
    <ClCompile Include="lambertmaterial.cpp">
      <Filter>Source Files\materials</Filter>
    </ClCompile>
    <ClCompile Include="rng.cpp">
      <Filter>Source Files\rng</Filter>
    </ClCompile>
    <ClCompile Include="plane.cpp">
      <Filter>Source Files\shapes</Filter>
    </ClCompile>
    <ClCompile Include="mirrormaterial.cpp">
      <Filter>Source Files\materials</Filter>
    </ClCompile>
    <ClCompile Include="light.cpp">
      <Filter>Source Files\lights</Filter>
    </ClCompile>
    <ClCompile Include="renderer.cpp">
      <Filter>Source Files\renderers</Filter>
    </ClCompile>
    <ClCompile Include="box.cpp">
      <Filter>Source Files\shapes</Filter>
    </ClCompile>
  </ItemGroup>
  <ItemGroup>
    <ClInclude Include="application.h">
      <Filter>Header Files\main</Filter>
    </ClInclude>
    <ClInclude Include="point.h">
      <Filter>Header Files\geometry</Filter>
    </ClInclude>
    <ClInclude Include="vector.h">
      <Filter>Header Files\geometry</Filter>
    </ClInclude>
    <ClInclude Include="geometry.h">
      <Filter>Header Files\geometry</Filter>
    </ClInclude>
    <ClInclude Include="math.h">
      <Filter>Header Files\math</Filter>
    </ClInclude>
    <ClInclude Include="ray.h">
      <Filter>Header Files\geometry</Filter>
    </ClInclude>
    <ClInclude Include="shape.h">
      <Filter>Header Files\shapes</Filter>
    </ClInclude>
    <ClInclude Include="sphere.h">
      <Filter>Header Files\shapes</Filter>
    </ClInclude>
    <ClInclude Include="color.h">
      <Filter>Header Files\color</Filter>
    </ClInclude>
    <ClInclude Include="camera.h">
      <Filter>Header Files\camera</Filter>
    </ClInclude>
    <ClInclude Include="film.h">
      <Filter>Header Files\camera</Filter>
    </ClInclude>
    <ClInclude Include="filter.h">
      <Filter>Header Files\camera</Filter>
    </ClInclude>
    <ClInclude Include="material.h">
      <Filter>Header Files\materials</Filter>
    </ClInclude>
    <ClInclude Include="primitive.h">
      <Filter>Header Files\primitives</Filter>
    </ClInclude>
    <ClInclude Include="scene.h">
      <Filter>Header Files\scene</Filter>
    </ClInclude>
    <ClInclude Include="light.h">
      <Filter>Header Files\lights</Filter>
    </ClInclude>
    <ClInclude Include="arealight.h">
      <Filter>Header Files\lights</Filter>
    </ClInclude>
    <ClInclude Include="pointlight.h">
      <Filter>Header Files\lights</Filter>
    </ClInclude>
    <ClInclude Include="lambertmaterial.h">
      <Filter>Header Files\materials</Filter>
    </ClInclude>
    <ClInclude Include="rng.h">
      <Filter>Header Files\rng</Filter>
    </ClInclude>
    <ClInclude Include="intrec.h">
      <Filter>Header Files\intersectionrecord</Filter>
    </ClInclude>
    <ClInclude Include="plane.h">
      <Filter>Header Files\shapes</Filter>
    </ClInclude>
    <ClInclude Include="mirrormaterial.h">
      <Filter>Header Files\materials</Filter>
    </ClInclude>
    <ClInclude Include="renderer.h">
      <Filter>Header Files\renderers</Filter>
    </ClInclude>
    <ClInclude Include="box.h">
      <Filter>Header Files\shapes</Filter>
    </ClInclude>
  </ItemGroup>
</Project>